
Microsoft Visual Studio Solution File, Format Version 12.00
# Visual Studio 2012
Project("{FAE04EC0-301F-11D3-BF4B-00C04F79EFBC}") = "A", "A\A.csproj", "{90E99C01-547B-4C6D-A647-5A908047EB92}"
EndProject
Project("{FAE04EC0-301F-11D3-BF4B-00C04F79EFBC}") = "B", "B\B.csproj", "{BA04809A-4706-430E-9DC9-F75D3E1AC122}"
EndProject
Project("{FAE04EC0-301F-11D3-BF4B-00C04F79EFBC}") = "C", "C\C.csproj", "{0C1BF062-4F2B-471A-86FB-7C80EC704741}"
EndProject
Global
	GlobalSection(SolutionConfigurationPlatforms) = preSolution
		Debug|Any CPU = Debug|Any CPU
		Release|Any CPU = Release|Any CPU
	EndGlobalSection
	GlobalSection(ProjectConfigurationPlatforms) = postSolution
		{90E99C01-547B-4C6D-A647-5A908047EB92}.Debug|Any CPU.ActiveCfg = Debug|Any CPU
		{90E99C01-547B-4C6D-A647-5A908047EB92}.Debug|Any CPU.Build.0 = Debug|Any CPU
		{90E99C01-547B-4C6D-A647-5A908047EB92}.Release|Any CPU.ActiveCfg = Release|Any CPU
		{90E99C01-547B-4C6D-A647-5A908047EB92}.Release|Any CPU.Build.0 = Release|Any CPU
		{BA04809A-4706-430E-9DC9-F75D3E1AC122}.Debug|Any CPU.ActiveCfg = Debug|Any CPU
		{BA04809A-4706-430E-9DC9-F75D3E1AC122}.Debug|Any CPU.Build.0 = Debug|Any CPU
		{BA04809A-4706-430E-9DC9-F75D3E1AC122}.Release|Any CPU.ActiveCfg = Release|Any CPU
		{BA04809A-4706-430E-9DC9-F75D3E1AC122}.Release|Any CPU.Build.0 = Release|Any CPU
		{0C1BF062-4F2B-471A-86FB-7C80EC704741}.Debug|Any CPU.ActiveCfg = Debug|Any CPU
		{0C1BF062-4F2B-471A-86FB-7C80EC704741}.Debug|Any CPU.Build.0 = Debug|Any CPU
		{0C1BF062-4F2B-471A-86FB-7C80EC704741}.Release|Any CPU.ActiveCfg = Release|Any CPU
		{0C1BF062-4F2B-471A-86FB-7C80EC704741}.Release|Any CPU.Build.0 = Release|Any CPU
	EndGlobalSection
	GlobalSection(SolutionProperties) = preSolution
		HideSolutionNode = FALSE
	EndGlobalSection
EndGlobal
